
Microsoft Visual Studio Solution File, Format Version 12.00
# Visual Studio Version 16
VisualStudioVersion = 16.0.31515.178
MinimumVisualStudioVersion = 10.0.40219.1
Project("{FAE04EC0-301F-11D3-BF4B-00C04F79EFBC}") = "MyPACSViewer", "MyPACSViewer.csproj", "{C81AA384-9FCD-465F-B39F-D9F0B30ADE95}"
EndProject
Project("{FAE04EC0-301F-11D3-BF4B-00C04F79EFBC}") = "ViewerSCU", "..\ViewerSCU\ViewerSCU.csproj", "{FDC3BE69-4F55-4F71-8F9F-4A7869C4CD24}"
EndProject
Global
	GlobalSection(SolutionConfigurationPlatforms) = preSolution
		Debug|Any CPU = Debug|Any CPU
		Release|Any CPU = Release|Any CPU
	EndGlobalSection
	GlobalSection(ProjectConfigurationPlatforms) = postSolution
		{C81AA384-9FCD-465F-B39F-D9F0B30ADE95}.Debug|Any CPU.ActiveCfg = Debug|Any CPU
		{C81AA384-9FCD-465F-B39F-D9F0B30ADE95}.Debug|Any CPU.Build.0 = Debug|Any CPU
		{C81AA384-9FCD-465F-B39F-D9F0B30ADE95}.Release|Any CPU.ActiveCfg = Release|Any CPU
		{C81AA384-9FCD-465F-B39F-D9F0B30ADE95}.Release|Any CPU.Build.0 = Release|Any CPU
		{FDC3BE69-4F55-4F71-8F9F-4A7869C4CD24}.Debug|Any CPU.ActiveCfg = Debug|Any CPU
		{FDC3BE69-4F55-4F71-8F9F-4A7869C4CD24}.Debug|Any CPU.Build.0 = Debug|Any CPU
		{FDC3BE69-4F55-4F71-8F9F-4A7869C4CD24}.Release|Any CPU.ActiveCfg = Release|Any CPU
		{FDC3BE69-4F55-4F71-8F9F-4A7869C4CD24}.Release|Any CPU.Build.0 = Release|Any CPU
	EndGlobalSection
	GlobalSection(SolutionProperties) = preSolution
		HideSolutionNode = FALSE
	EndGlobalSection
	GlobalSection(ExtensibilityGlobals) = postSolution
		SolutionGuid = {A800253C-5299-4E8C-9F97-4E2AAE0C36B2}
	EndGlobalSection
EndGlobal
